
Microsoft Visual Studio Solution File, Format Version 12.00
# Visual Studio Version 17
VisualStudioVersion = 17.10.34916.146
MinimumVisualStudioVersion = 10.0.40219.1
Project("{8BC9CEB8-8B4A-11D0-8D11-00A0C91BC942}") = "server_Side", "server_Side\server_Side.vcxproj", "{AA6CA8F3-ADCB-41E6-8F6D-83A21142576C}"
EndProject
Global
	GlobalSection(SolutionConfigurationPlatforms) = preSolution
		Debug|x64 = Debug|x64
		Debug|x86 = Debug|x86
		Release|x64 = Release|x64
		Release|x86 = Release|x86
	EndGlobalSection
	GlobalSection(ProjectConfigurationPlatforms) = postSolution
		{AA6CA8F3-ADCB-41E6-8F6D-83A21142576C}.Debug|x64.ActiveCfg = Debug|x64
		{AA6CA8F3-ADCB-41E6-8F6D-83A21142576C}.Debug|x64.Build.0 = Debug|x64
		{AA6CA8F3-ADCB-41E6-8F6D-83A21142576C}.Debug|x86.ActiveCfg = Debug|Win32
		{AA6CA8F3-ADCB-41E6-8F6D-83A21142576C}.Debug|x86.Build.0 = Debug|Win32
		{AA6CA8F3-ADCB-41E6-8F6D-83A21142576C}.Release|x64.ActiveCfg = Release|x64
		{AA6CA8F3-ADCB-41E6-8F6D-83A21142576C}.Release|x64.Build.0 = Release|x64
		{AA6CA8F3-ADCB-41E6-8F6D-83A21142576C}.Release|x86.ActiveCfg = Release|Win32
		{AA6CA8F3-ADCB-41E6-8F6D-83A21142576C}.Release|x86.Build.0 = Release|Win32
	EndGlobalSection
	GlobalSection(SolutionProperties) = preSolution
		HideSolutionNode = FALSE
	EndGlobalSection
	GlobalSection(ExtensibilityGlobals) = postSolution
		SolutionGuid = {57AE3C4E-AEBE-4473-8ACD-BCEA445A2836}
	EndGlobalSection
EndGlobal
